
Microsoft Visual Studio Solution File, Format Version 11.00
# Visual Studio 2010
Project("{FAE04EC0-301F-11D3-BF4B-00C04F79EFBC}") = "Bootstrapper.CommonServiceRegistration", "Main\Bootstrapper.CommonServiceRegistration.csproj", "{7FB58431-9EBA-4B3A-82B5-F3657D470A56}"
EndProject
Project("{2150E333-8FDC-42A3-9474-1A3956D46DE8}") = "Tests", "Tests", "{C586FBC3-52E4-4CAA-836C-D445F9B4C319}"
EndProject
Project("{FAE04EC0-301F-11D3-BF4B-00C04F79EFBC}") = "Bootstrapper.CommonServiceRegistration.Tests", "Tests\Bootstrapper.CommonServiceRegistration.Tests\Bootstrapper.CommonServiceRegistration.Tests.csproj", "{454918A4-5280-4E07-97E8-CD33D6C5DF77}"
EndProject
Global
	GlobalSection(SolutionConfigurationPlatforms) = preSolution
		Debug|Any CPU = Debug|Any CPU
		Release|Any CPU = Release|Any CPU
	EndGlobalSection
	GlobalSection(ProjectConfigurationPlatforms) = postSolution
		{7FB58431-9EBA-4B3A-82B5-F3657D470A56}.Debug|Any CPU.ActiveCfg = Debug|Any CPU
		{7FB58431-9EBA-4B3A-82B5-F3657D470A56}.Debug|Any CPU.Build.0 = Debug|Any CPU
		{7FB58431-9EBA-4B3A-82B5-F3657D470A56}.Release|Any CPU.ActiveCfg = Release|Any CPU
		{7FB58431-9EBA-4B3A-82B5-F3657D470A56}.Release|Any CPU.Build.0 = Release|Any CPU
		{454918A4-5280-4E07-97E8-CD33D6C5DF77}.Debug|Any CPU.ActiveCfg = Debug|Any CPU
		{454918A4-5280-4E07-97E8-CD33D6C5DF77}.Debug|Any CPU.Build.0 = Debug|Any CPU
		{454918A4-5280-4E07-97E8-CD33D6C5DF77}.Release|Any CPU.ActiveCfg = Release|Any CPU
		{454918A4-5280-4E07-97E8-CD33D6C5DF77}.Release|Any CPU.Build.0 = Release|Any CPU
	EndGlobalSection
	GlobalSection(SolutionProperties) = preSolution
		HideSolutionNode = FALSE
	EndGlobalSection
	GlobalSection(NestedProjects) = preSolution
		{454918A4-5280-4E07-97E8-CD33D6C5DF77} = {C586FBC3-52E4-4CAA-836C-D445F9B4C319}
	EndGlobalSection
EndGlobal
